
Microsoft Visual Studio Solution File, Format Version 12.00
# Visual Studio Version 17
VisualStudioVersion = 17.9.34728.123
MinimumVisualStudioVersion = 10.0.40219.1
Project("{9A19103F-16F7-4668-BE54-9A1E7A4F7556}") = "TrainTickets.Api", "src\TrainTickets.Api\TrainTickets.Api.csproj", "{FD7DACEF-A156-4B2F-9AB0-4310F73C7F68}"
EndProject
Project("{9A19103F-16F7-4668-BE54-9A1E7A4F7556}") = "TrainTickets.Infrastructure", "src\TrainTickets.Infrastructure\TrainTickets.Infrastructure.csproj", "{D0F126FC-FED6-457E-ACA0-10B2D237DD86}"
EndProject
Project("{9A19103F-16F7-4668-BE54-9A1E7A4F7556}") = "TrainTickets.Core", "src\TrainTickets.Core\TrainTickets.Core.csproj", "{84039E35-BF8C-47E3-A715-CA858ED0AB25}"
EndProject
Project("{2150E333-8FDC-42A3-9474-1A3956D46DE8}") = "src", "src", "{00F4D493-9192-4B0B-A54D-5F855C7BE154}"
EndProject
Project("{2150E333-8FDC-42A3-9474-1A3956D46DE8}") = "test", "test", "{376B2D57-733E-4113-926C-249B04EFD660}"
EndProject
Global
	GlobalSection(SolutionConfigurationPlatforms) = preSolution
		Debug|Any CPU = Debug|Any CPU
		Release|Any CPU = Release|Any CPU
	EndGlobalSection
	GlobalSection(ProjectConfigurationPlatforms) = postSolution
		{FD7DACEF-A156-4B2F-9AB0-4310F73C7F68}.Debug|Any CPU.ActiveCfg = Debug|Any CPU
		{FD7DACEF-A156-4B2F-9AB0-4310F73C7F68}.Debug|Any CPU.Build.0 = Debug|Any CPU
		{FD7DACEF-A156-4B2F-9AB0-4310F73C7F68}.Release|Any CPU.ActiveCfg = Release|Any CPU
		{FD7DACEF-A156-4B2F-9AB0-4310F73C7F68}.Release|Any CPU.Build.0 = Release|Any CPU
		{D0F126FC-FED6-457E-ACA0-10B2D237DD86}.Debug|Any CPU.ActiveCfg = Debug|Any CPU
		{D0F126FC-FED6-457E-ACA0-10B2D237DD86}.Debug|Any CPU.Build.0 = Debug|Any CPU
		{D0F126FC-FED6-457E-ACA0-10B2D237DD86}.Release|Any CPU.ActiveCfg = Release|Any CPU
		{D0F126FC-FED6-457E-ACA0-10B2D237DD86}.Release|Any CPU.Build.0 = Release|Any CPU
		{84039E35-BF8C-47E3-A715-CA858ED0AB25}.Debug|Any CPU.ActiveCfg = Debug|Any CPU
		{84039E35-BF8C-47E3-A715-CA858ED0AB25}.Debug|Any CPU.Build.0 = Debug|Any CPU
		{84039E35-BF8C-47E3-A715-CA858ED0AB25}.Release|Any CPU.ActiveCfg = Release|Any CPU
		{84039E35-BF8C-47E3-A715-CA858ED0AB25}.Release|Any CPU.Build.0 = Release|Any CPU
	EndGlobalSection
	GlobalSection(SolutionProperties) = preSolution
		HideSolutionNode = FALSE
	EndGlobalSection
	GlobalSection(NestedProjects) = preSolution
		{FD7DACEF-A156-4B2F-9AB0-4310F73C7F68} = {00F4D493-9192-4B0B-A54D-5F855C7BE154}
		{D0F126FC-FED6-457E-ACA0-10B2D237DD86} = {00F4D493-9192-4B0B-A54D-5F855C7BE154}
		{84039E35-BF8C-47E3-A715-CA858ED0AB25} = {00F4D493-9192-4B0B-A54D-5F855C7BE154}
	EndGlobalSection
	GlobalSection(ExtensibilityGlobals) = postSolution
		SolutionGuid = {F86CA595-B83F-4893-B929-892350C59D7F}
	EndGlobalSection
EndGlobal
